
Microsoft Visual Studio Solution File, Format Version 12.00
# Visual Studio 2013
VisualStudioVersion = 12.0.21005.1
MinimumVisualStudioVersion = 10.0.40219.1
Project("{FAE04EC0-301F-11D3-BF4B-00C04F79EFBC}") = "FormsGenerator", "FormsGenerator\FormsGenerator.csproj", "{51565DF3-BA45-435F-B85D-7094ADC4B2D2}"
EndProject
Project("{FAE04EC0-301F-11D3-BF4B-00C04F79EFBC}") = "FormsGenerator.Tests", "FormsGenerator.Tests\FormsGenerator.Tests.csproj", "{C9461AFE-540C-4933-8A30-FA2D514854A2}"
EndProject
Global
	GlobalSection(SolutionConfigurationPlatforms) = preSolution
		Debug|Any CPU = Debug|Any CPU
		Release|Any CPU = Release|Any CPU
	EndGlobalSection
	GlobalSection(ProjectConfigurationPlatforms) = postSolution
		{51565DF3-BA45-435F-B85D-7094ADC4B2D2}.Debug|Any CPU.ActiveCfg = Debug|Any CPU
		{51565DF3-BA45-435F-B85D-7094ADC4B2D2}.Debug|Any CPU.Build.0 = Debug|Any CPU
		{51565DF3-BA45-435F-B85D-7094ADC4B2D2}.Release|Any CPU.ActiveCfg = Release|Any CPU
		{51565DF3-BA45-435F-B85D-7094ADC4B2D2}.Release|Any CPU.Build.0 = Release|Any CPU
		{C9461AFE-540C-4933-8A30-FA2D514854A2}.Debug|Any CPU.ActiveCfg = Debug|Any CPU
		{C9461AFE-540C-4933-8A30-FA2D514854A2}.Debug|Any CPU.Build.0 = Debug|Any CPU
		{C9461AFE-540C-4933-8A30-FA2D514854A2}.Release|Any CPU.ActiveCfg = Release|Any CPU
		{C9461AFE-540C-4933-8A30-FA2D514854A2}.Release|Any CPU.Build.0 = Release|Any CPU
	EndGlobalSection
	GlobalSection(SolutionProperties) = preSolution
		HideSolutionNode = FALSE
	EndGlobalSection
EndGlobal
